
Microsoft Visual Studio Solution File, Format Version 12.00
# Visual Studio Version 16
VisualStudioVersion = 16.0.31702.278
MinimumVisualStudioVersion = 10.0.40219.1
Project("{FAE04EC0-301F-11D3-BF4B-00C04F79EFBC}") = "ASAPSystem.Assignment.Web", "ASAPSystem.Task.Web\ASAPSystem.Assignment.Web.csproj", "{A8B2ACBE-7D5F-458B-8C9E-A80DBE05A8A1}"
EndProject
Project("{FAE04EC0-301F-11D3-BF4B-00C04F79EFBC}") = "ASAPSystem.Assignment.Core", "ASAPSystem.Task.Core\ASAPSystem.Assignment.Core.csproj", "{A12CAA26-1EB0-4C38-BA9D-20C9FDF06363}"
EndProject
Project("{FAE04EC0-301F-11D3-BF4B-00C04F79EFBC}") = "ASAPSystem.Assignment.Data", "ASAPSystem.Task.Data\ASAPSystem.Assignment.Data.csproj", "{FE68DEB5-CAE0-4486-92DE-87631CAB20EC}"
EndProject
Global
	GlobalSection(SolutionConfigurationPlatforms) = preSolution
		Debug|Any CPU = Debug|Any CPU
		Release|Any CPU = Release|Any CPU
	EndGlobalSection
	GlobalSection(ProjectConfigurationPlatforms) = postSolution
		{A8B2ACBE-7D5F-458B-8C9E-A80DBE05A8A1}.Debug|Any CPU.ActiveCfg = Debug|Any CPU
		{A8B2ACBE-7D5F-458B-8C9E-A80DBE05A8A1}.Debug|Any CPU.Build.0 = Debug|Any CPU
		{A8B2ACBE-7D5F-458B-8C9E-A80DBE05A8A1}.Release|Any CPU.ActiveCfg = Release|Any CPU
		{A8B2ACBE-7D5F-458B-8C9E-A80DBE05A8A1}.Release|Any CPU.Build.0 = Release|Any CPU
		{A12CAA26-1EB0-4C38-BA9D-20C9FDF06363}.Debug|Any CPU.ActiveCfg = Debug|Any CPU
		{A12CAA26-1EB0-4C38-BA9D-20C9FDF06363}.Debug|Any CPU.Build.0 = Debug|Any CPU
		{A12CAA26-1EB0-4C38-BA9D-20C9FDF06363}.Release|Any CPU.ActiveCfg = Release|Any CPU
		{A12CAA26-1EB0-4C38-BA9D-20C9FDF06363}.Release|Any CPU.Build.0 = Release|Any CPU
		{FE68DEB5-CAE0-4486-92DE-87631CAB20EC}.Debug|Any CPU.ActiveCfg = Debug|Any CPU
		{FE68DEB5-CAE0-4486-92DE-87631CAB20EC}.Debug|Any CPU.Build.0 = Debug|Any CPU
		{FE68DEB5-CAE0-4486-92DE-87631CAB20EC}.Release|Any CPU.ActiveCfg = Release|Any CPU
		{FE68DEB5-CAE0-4486-92DE-87631CAB20EC}.Release|Any CPU.Build.0 = Release|Any CPU
	EndGlobalSection
	GlobalSection(SolutionProperties) = preSolution
		HideSolutionNode = FALSE
	EndGlobalSection
	GlobalSection(ExtensibilityGlobals) = postSolution
		SolutionGuid = {A20C4765-A49D-4823-861D-D46F8340ACFE}
	EndGlobalSection
EndGlobal
